
Microsoft Visual Studio Solution File, Format Version 12.00
# Visual Studio Version 16
VisualStudioVersion = 16.0.29020.237
MinimumVisualStudioVersion = 10.0.40219.1
Project("{FAE04EC0-301F-11D3-BF4B-00C04F79EFBC}") = "Anarchy", "Anarchy\Anarchy.csproj", "{18C13E5D-D4D2-4310-993C-2F2644DB8D54}"
EndProject
Global
	GlobalSection(SolutionConfigurationPlatforms) = preSolution
		Debug|Any CPU = Debug|Any CPU
		Debug|x64 = Debug|x64
		Release|Any CPU = Release|Any CPU
		Release|x64 = Release|x64
	EndGlobalSection
	GlobalSection(ProjectConfigurationPlatforms) = postSolution
		{6ECC1CEE-262B-455E-B4C5-D0BB4B48799D}.Debug|Any CPU.ActiveCfg = Debug|Any CPU
		{6ECC1CEE-262B-455E-B4C5-D0BB4B48799D}.Debug|Any CPU.Build.0 = Debug|Any CPU
		{6ECC1CEE-262B-455E-B4C5-D0BB4B48799D}.Debug|x64.ActiveCfg = Debug|Any CPU
		{6ECC1CEE-262B-455E-B4C5-D0BB4B48799D}.Debug|x64.Build.0 = Debug|Any CPU
		{6ECC1CEE-262B-455E-B4C5-D0BB4B48799D}.Release|Any CPU.ActiveCfg = Release|Any CPU
		{6ECC1CEE-262B-455E-B4C5-D0BB4B48799D}.Release|Any CPU.Build.0 = Release|Any CPU
		{6ECC1CEE-262B-455E-B4C5-D0BB4B48799D}.Release|x64.ActiveCfg = Release|Any CPU
		{6ECC1CEE-262B-455E-B4C5-D0BB4B48799D}.Release|x64.Build.0 = Release|Any CPU
		{18C13E5D-D4D2-4310-993C-2F2644DB8D54}.Debug|Any CPU.ActiveCfg = Debug|Any CPU
		{18C13E5D-D4D2-4310-993C-2F2644DB8D54}.Debug|Any CPU.Build.0 = Debug|Any CPU
		{18C13E5D-D4D2-4310-993C-2F2644DB8D54}.Debug|x64.ActiveCfg = Debug|Any CPU
		{18C13E5D-D4D2-4310-993C-2F2644DB8D54}.Debug|x64.Build.0 = Debug|Any CPU
		{18C13E5D-D4D2-4310-993C-2F2644DB8D54}.Release|Any CPU.ActiveCfg = Release|Any CPU
		{18C13E5D-D4D2-4310-993C-2F2644DB8D54}.Release|Any CPU.Build.0 = Release|Any CPU
		{18C13E5D-D4D2-4310-993C-2F2644DB8D54}.Release|x64.ActiveCfg = Release|Any CPU
		{18C13E5D-D4D2-4310-993C-2F2644DB8D54}.Release|x64.Build.0 = Release|Any CPU
	EndGlobalSection
	GlobalSection(SolutionProperties) = preSolution
		HideSolutionNode = FALSE
	EndGlobalSection
	GlobalSection(ExtensibilityGlobals) = postSolution
		SolutionGuid = {4425229B-224C-40B3-8795-E5C81D163BBE}
	EndGlobalSection
EndGlobal
