
Microsoft Visual Studio Solution File, Format Version 12.00
# Visual Studio 15
VisualStudioVersion = 15.0.28307.438
MinimumVisualStudioVersion = 10.0.40219.1
Project("{FAE04EC0-301F-11D3-BF4B-00C04F79EFBC}") = "Anarchy", "Anarchy\Anarchy.csproj", "{18C13E5D-D4D2-4310-993C-2F2644DB8D54}"
EndProject
Project("{FAE04EC0-301F-11D3-BF4B-00C04F79EFBC}") = "dntest", "dntest\dntest.csproj", "{4F57BE90-9FCE-442C-AE26-6FA57C8028AD}"
EndProject
Global
	GlobalSection(SolutionConfigurationPlatforms) = preSolution
		Debug|Any CPU = Debug|Any CPU
		Release|Any CPU = Release|Any CPU
	EndGlobalSection
	GlobalSection(ProjectConfigurationPlatforms) = postSolution
		{18C13E5D-D4D2-4310-993C-2F2644DB8D54}.Debug|Any CPU.ActiveCfg = Debug|Any CPU
		{18C13E5D-D4D2-4310-993C-2F2644DB8D54}.Debug|Any CPU.Build.0 = Debug|Any CPU
		{18C13E5D-D4D2-4310-993C-2F2644DB8D54}.Release|Any CPU.ActiveCfg = Release|Any CPU
		{18C13E5D-D4D2-4310-993C-2F2644DB8D54}.Release|Any CPU.Build.0 = Release|Any CPU
		{4F57BE90-9FCE-442C-AE26-6FA57C8028AD}.Debug|Any CPU.ActiveCfg = Debug|Any CPU
		{4F57BE90-9FCE-442C-AE26-6FA57C8028AD}.Debug|Any CPU.Build.0 = Debug|Any CPU
		{4F57BE90-9FCE-442C-AE26-6FA57C8028AD}.Release|Any CPU.ActiveCfg = Release|Any CPU
		{4F57BE90-9FCE-442C-AE26-6FA57C8028AD}.Release|Any CPU.Build.0 = Release|Any CPU
	EndGlobalSection
	GlobalSection(SolutionProperties) = preSolution
		HideSolutionNode = FALSE
	EndGlobalSection
	GlobalSection(ExtensibilityGlobals) = postSolution
		SolutionGuid = {4425229B-224C-40B3-8795-E5C81D163BBE}
	EndGlobalSection
EndGlobal
